
Microsoft Visual Studio Solution File, Format Version 12.00
# Visual Studio Version 17
VisualStudioVersion = 17.5.002.0
MinimumVisualStudioVersion = 10.0.40219.1
Project("{9A19103F-16F7-4668-BE54-9A1E7A4F7556}") = "Homework_sem_6_arrayAndLine", "Homework_sem_6_arrayAndLine.csproj", "{AF88F170-064F-454C-B5DC-86273491D583}"
EndProject
Global
	GlobalSection(SolutionConfigurationPlatforms) = preSolution
		Debug|Any CPU = Debug|Any CPU
		Release|Any CPU = Release|Any CPU
	EndGlobalSection
	GlobalSection(ProjectConfigurationPlatforms) = postSolution
		{AF88F170-064F-454C-B5DC-86273491D583}.Debug|Any CPU.ActiveCfg = Debug|Any CPU
		{AF88F170-064F-454C-B5DC-86273491D583}.Debug|Any CPU.Build.0 = Debug|Any CPU
		{AF88F170-064F-454C-B5DC-86273491D583}.Release|Any CPU.ActiveCfg = Release|Any CPU
		{AF88F170-064F-454C-B5DC-86273491D583}.Release|Any CPU.Build.0 = Release|Any CPU
	EndGlobalSection
	GlobalSection(SolutionProperties) = preSolution
		HideSolutionNode = FALSE
	EndGlobalSection
	GlobalSection(ExtensibilityGlobals) = postSolution
		SolutionGuid = {3A0D1498-9AB9-444D-BFC0-0B5FAD965EDF}
	EndGlobalSection
EndGlobal
